
Microsoft Visual Studio Solution File, Format Version 12.00
# Visual Studio Version 17
VisualStudioVersion = 17.0.32014.148
MinimumVisualStudioVersion = 10.0.40219.1
Project("{FAE04EC0-301F-11D3-BF4B-00C04F79EFBC}") = "ConsoleApp1", "ConsoleApp1\ConsoleApp1.csproj", "{DF37E363-EBE1-4C14-8D26-523821153E3E}"
EndProject
Global
	GlobalSection(SolutionConfigurationPlatforms) = preSolution
		Debug|Any CPU = Debug|Any CPU
		Release|Any CPU = Release|Any CPU
	EndGlobalSection
	GlobalSection(ProjectConfigurationPlatforms) = postSolution
		{DF37E363-EBE1-4C14-8D26-523821153E3E}.Debug|Any CPU.ActiveCfg = Debug|Any CPU
		{DF37E363-EBE1-4C14-8D26-523821153E3E}.Debug|Any CPU.Build.0 = Debug|Any CPU
		{DF37E363-EBE1-4C14-8D26-523821153E3E}.Release|Any CPU.ActiveCfg = Release|Any CPU
		{DF37E363-EBE1-4C14-8D26-523821153E3E}.Release|Any CPU.Build.0 = Release|Any CPU
	EndGlobalSection
	GlobalSection(SolutionProperties) = preSolution
		HideSolutionNode = FALSE
	EndGlobalSection
	GlobalSection(ExtensibilityGlobals) = postSolution
		SolutionGuid = {BF4F2736-963B-4DBF-B345-9AAF4B3D9760}
	EndGlobalSection
EndGlobal
